
Microsoft Visual Studio Solution File, Format Version 12.00
# Visual Studio 15
VisualStudioVersion = 15.0.28307.705
MinimumVisualStudioVersion = 10.0.40219.1
Project("{FAE04EC0-301F-11D3-BF4B-00C04F79EFBC}") = "WordUnscramble", "WordUnscramble\WordUnscramble.csproj", "{B85B9E3D-82E6-4CA0-A224-C05124821D2C}"
EndProject
Global
	GlobalSection(SolutionConfigurationPlatforms) = preSolution
		Debug|Any CPU = Debug|Any CPU
		Release|Any CPU = Release|Any CPU
	EndGlobalSection
	GlobalSection(ProjectConfigurationPlatforms) = postSolution
		{B85B9E3D-82E6-4CA0-A224-C05124821D2C}.Debug|Any CPU.ActiveCfg = Debug|Any CPU
		{B85B9E3D-82E6-4CA0-A224-C05124821D2C}.Debug|Any CPU.Build.0 = Debug|Any CPU
		{B85B9E3D-82E6-4CA0-A224-C05124821D2C}.Release|Any CPU.ActiveCfg = Release|Any CPU
		{B85B9E3D-82E6-4CA0-A224-C05124821D2C}.Release|Any CPU.Build.0 = Release|Any CPU
	EndGlobalSection
	GlobalSection(SolutionProperties) = preSolution
		HideSolutionNode = FALSE
	EndGlobalSection
	GlobalSection(ExtensibilityGlobals) = postSolution
		SolutionGuid = {C6C5F33E-505E-49CD-A7D0-756FFABAA9FC}
	EndGlobalSection
EndGlobal
